
Microsoft Visual Studio Solution File, Format Version 11.00
# Visual Studio 2010
Project("{FAE04EC0-301F-11D3-BF4B-00C04F79EFBC}") = "Jerky", "Jerky\Jerky.csproj", "{513BBFAA-DC44-458D-9CDF-2C8750916724}"
EndProject
Project("{2150E333-8FDC-42A3-9474-1A3956D46DE8}") = "Tests", "Tests", "{561E2DE0-1FAA-471C-890B-82F8D00120F8}"
EndProject
Project("{2150E333-8FDC-42A3-9474-1A3956D46DE8}") = "App", "App", "{13D898D6-8C71-4EC9-86C1-EEB3F4139397}"
EndProject
Global
	GlobalSection(SolutionConfigurationPlatforms) = preSolution
		Debug|Any CPU = Debug|Any CPU
		Release|Any CPU = Release|Any CPU
	EndGlobalSection
	GlobalSection(ProjectConfigurationPlatforms) = postSolution
		{513BBFAA-DC44-458D-9CDF-2C8750916724}.Debug|Any CPU.ActiveCfg = Debug|Any CPU
		{513BBFAA-DC44-458D-9CDF-2C8750916724}.Debug|Any CPU.Build.0 = Debug|Any CPU
		{513BBFAA-DC44-458D-9CDF-2C8750916724}.Release|Any CPU.ActiveCfg = Release|Any CPU
		{513BBFAA-DC44-458D-9CDF-2C8750916724}.Release|Any CPU.Build.0 = Release|Any CPU
	EndGlobalSection
	GlobalSection(SolutionProperties) = preSolution
		HideSolutionNode = FALSE
	EndGlobalSection
	GlobalSection(NestedProjects) = preSolution
		{513BBFAA-DC44-458D-9CDF-2C8750916724} = {13D898D6-8C71-4EC9-86C1-EEB3F4139397}
	EndGlobalSection
EndGlobal
