
Microsoft Visual Studio Solution File, Format Version 11.00
# Visual Studio 2010
Project("{2150E333-8FDC-42A3-9474-1A3956D46DE8}") = "Tests", "Tests", "{561E2DE0-1FAA-471C-890B-82F8D00120F8}"
EndProject
Project("{2150E333-8FDC-42A3-9474-1A3956D46DE8}") = "App", "App", "{13D898D6-8C71-4EC9-86C1-EEB3F4139397}"
EndProject
Project("{FAE04EC0-301F-11D3-BF4B-00C04F79EFBC}") = "Jerky", "App\Jerky\Jerky.csproj", "{513BBFAA-DC44-458D-9CDF-2C8750916724}"
EndProject
Project("{FAE04EC0-301F-11D3-BF4B-00C04F79EFBC}") = "Jerky.Tests", "Tests\Jerky.Tests\Jerky.Tests.csproj", "{17CBB188-BB88-4E43-9225-E7EFCD56EF96}"
EndProject
Project("{2150E333-8FDC-42A3-9474-1A3956D46DE8}") = "Build", "Build", "{E5F98A3E-79DD-441C-91AD-3C256B6AD4A4}"
	ProjectSection(SolutionItems) = preProject
		Build\Jerky.Build = Build\Jerky.Build
	EndProjectSection
EndProject
Project("{2150E333-8FDC-42A3-9474-1A3956D46DE8}") = "Solution Items", "Solution Items", "{11CBD882-232B-4FA2-B9E4-A62B256E951E}"
	ProjectSection(SolutionItems) = preProject
		README.markdown = README.markdown
	EndProjectSection
EndProject
Global
	GlobalSection(SolutionConfigurationPlatforms) = preSolution
		Debug|Any CPU = Debug|Any CPU
		Debug|Mixed Platforms = Debug|Mixed Platforms
		Debug|x86 = Debug|x86
		Release|Any CPU = Release|Any CPU
		Release|Mixed Platforms = Release|Mixed Platforms
		Release|x86 = Release|x86
	EndGlobalSection
	GlobalSection(ProjectConfigurationPlatforms) = postSolution
		{513BBFAA-DC44-458D-9CDF-2C8750916724}.Debug|Any CPU.ActiveCfg = Debug|Any CPU
		{513BBFAA-DC44-458D-9CDF-2C8750916724}.Debug|Any CPU.Build.0 = Debug|Any CPU
		{513BBFAA-DC44-458D-9CDF-2C8750916724}.Debug|Mixed Platforms.ActiveCfg = Debug|Any CPU
		{513BBFAA-DC44-458D-9CDF-2C8750916724}.Debug|Mixed Platforms.Build.0 = Debug|Any CPU
		{513BBFAA-DC44-458D-9CDF-2C8750916724}.Debug|x86.ActiveCfg = Debug|Any CPU
		{513BBFAA-DC44-458D-9CDF-2C8750916724}.Release|Any CPU.ActiveCfg = Release|Any CPU
		{513BBFAA-DC44-458D-9CDF-2C8750916724}.Release|Any CPU.Build.0 = Release|Any CPU
		{513BBFAA-DC44-458D-9CDF-2C8750916724}.Release|Mixed Platforms.ActiveCfg = Release|Any CPU
		{513BBFAA-DC44-458D-9CDF-2C8750916724}.Release|Mixed Platforms.Build.0 = Release|Any CPU
		{513BBFAA-DC44-458D-9CDF-2C8750916724}.Release|x86.ActiveCfg = Release|Any CPU
		{17CBB188-BB88-4E43-9225-E7EFCD56EF96}.Debug|Any CPU.ActiveCfg = Debug|Any CPU
		{17CBB188-BB88-4E43-9225-E7EFCD56EF96}.Debug|Any CPU.Build.0 = Debug|Any CPU
		{17CBB188-BB88-4E43-9225-E7EFCD56EF96}.Debug|Mixed Platforms.ActiveCfg = Debug|Any CPU
		{17CBB188-BB88-4E43-9225-E7EFCD56EF96}.Debug|Mixed Platforms.Build.0 = Debug|Any CPU
		{17CBB188-BB88-4E43-9225-E7EFCD56EF96}.Debug|x86.ActiveCfg = Debug|Any CPU
		{17CBB188-BB88-4E43-9225-E7EFCD56EF96}.Release|Any CPU.ActiveCfg = Release|Any CPU
		{17CBB188-BB88-4E43-9225-E7EFCD56EF96}.Release|Any CPU.Build.0 = Release|Any CPU
		{17CBB188-BB88-4E43-9225-E7EFCD56EF96}.Release|Mixed Platforms.ActiveCfg = Release|Any CPU
		{17CBB188-BB88-4E43-9225-E7EFCD56EF96}.Release|Mixed Platforms.Build.0 = Release|Any CPU
		{17CBB188-BB88-4E43-9225-E7EFCD56EF96}.Release|x86.ActiveCfg = Release|Any CPU
	EndGlobalSection
	GlobalSection(SolutionProperties) = preSolution
		HideSolutionNode = FALSE
	EndGlobalSection
	GlobalSection(NestedProjects) = preSolution
		{17CBB188-BB88-4E43-9225-E7EFCD56EF96} = {561E2DE0-1FAA-471C-890B-82F8D00120F8}
		{513BBFAA-DC44-458D-9CDF-2C8750916724} = {13D898D6-8C71-4EC9-86C1-EEB3F4139397}
	EndGlobalSection
EndGlobal
